
Microsoft Visual Studio Solution File, Format Version 12.00
# Visual Studio Version 16
VisualStudioVersion = 16.0.29905.134
MinimumVisualStudioVersion = 10.0.40219.1
Project("{FAE04EC0-301F-11D3-BF4B-00C04F79EFBC}") = "QuanLyBanHangOnline", "QuanLyBanHangOnline\QuanLyBanHangOnline.csproj", "{75EED5EA-D718-4A7A-BB9E-4B06CB47388B}"
EndProject
Global
	GlobalSection(SolutionConfigurationPlatforms) = preSolution
		Debug|Any CPU = Debug|Any CPU
		Release|Any CPU = Release|Any CPU
	EndGlobalSection
	GlobalSection(ProjectConfigurationPlatforms) = postSolution
		{75EED5EA-D718-4A7A-BB9E-4B06CB47388B}.Debug|Any CPU.ActiveCfg = Debug|Any CPU
		{75EED5EA-D718-4A7A-BB9E-4B06CB47388B}.Debug|Any CPU.Build.0 = Debug|Any CPU
		{75EED5EA-D718-4A7A-BB9E-4B06CB47388B}.Release|Any CPU.ActiveCfg = Release|Any CPU
		{75EED5EA-D718-4A7A-BB9E-4B06CB47388B}.Release|Any CPU.Build.0 = Release|Any CPU
	EndGlobalSection
	GlobalSection(SolutionProperties) = preSolution
		HideSolutionNode = FALSE
	EndGlobalSection
	GlobalSection(ExtensibilityGlobals) = postSolution
		SolutionGuid = {C77E3E24-10A9-41C1-9452-3BE447775BEA}
	EndGlobalSection
EndGlobal
